{
  "name": "twitch-recorder",
  "version": "1.1.2",
  "lockfileVersion": 2,
  "requires": true,
  "packages": {
    "": {
      "name": "twitch-recorder",
      "version": "1.1.2",
      "license": "MIT",
      "dependencies": {
        "asciiart-logo": "^0.2.7",
        "axios": "^1.1.3",
        "bug-killer": "^4.4.4",
        "commander": "^9.4.0",
        "enquirer": "^2.3.6",
        "fs": "^0.0.1-security",
        "m3u8stream": "^0.8.6",
        "timer-node": "^5.0.6",
        "twitch-m3u8": "^1.1.5"
      },
      "bin": {
        "twitch-recorder": "index.js"
      }
    },
    "node_modules/add-subtract-date": {
      "version": "1.0.15",
      "resolved": "https://registry.npmjs.org/add-subtract-date/-/add-subtract-date-1.0.15.tgz",
      "integrity": "sha512-MiL4wnMyM999meyCrSA3LME9uZ/b5ptSd0ACDVUoTfutFwvkMyIN7nG7gjrU56WEk5RlFLBghabcgdYwY8s+nQ=="
    },
    "node_modules/ansi-colors": {
      "version": "4.1.3",
      "resolved": "https://registry.npmjs.org/ansi-colors/-/ansi-colors-4.1.3.tgz",
      "integrity": "sha512-/6w/C21Pm1A7aZitlI5Ni/2J6FFQN8i1Cvz3kHABAAbw93v/NlvKdVOqz7CCWz/3iv/JplRSEEZ83XION15ovw==",
      "engines": {
        "node": ">=6"
      }
    },
    "node_modules/ansi-parser": {
      "version": "3.2.10",
      "resolved": "https://registry.npmjs.org/ansi-parser/-/ansi-parser-3.2.10.tgz",
      "integrity": "sha512-CGKGIbd678lm15IXJXI1cTyOVAnMQw0jES+klW/yIc+GzYccsYanLMhczPIIj2hE64B79g75QfiuWrEWd6nJdg=="
    },
    "node_modules/ansi-styles": {
      "version": "3.2.1",
      "resolved": "https://registry.npmjs.org/ansi-styles/-/ansi-styles-3.2.1.tgz",
      "integrity": "sha512-VT0ZI6kZRdTh8YyJw3SMbYm/u+NqfsAxEpWO0Pf9sq8/e94WxxOpPKx9FR1FlyCtOVDNOQ+8ntlqFxiRc+r5qA==",
      "dependencies": {
        "color-convert": "^1.9.0"
      },
      "engines": {
        "node": ">=4"
      }
    },
    "node_modules/ansy": {
      "version": "1.0.15",
      "resolved": "https://registry.npmjs.org/ansy/-/ansy-1.0.15.tgz",
      "integrity": "sha512-mQyNSn58HN7aEthofkap0hn8jg7/5SJWrB0ypExgcECOwLppc0njH+QBA9X5VMiEN9SM0JlFZWJQGycxxInAqg==",
      "dependencies": {
        "ansi-styles": "^3.0.0",
        "custom-return": "^1.0.0",
        "supports-color": "^3.1.2",
        "ul": "^5.2.1"
      }
    },
    "node_modules/ansy/node_modules/has-flag": {
      "version": "1.0.0",
      "resolved": "https://registry.npmjs.org/has-flag/-/has-flag-1.0.0.tgz",
      "integrity": "sha512-DyYHfIYwAJmjAjSSPKANxI8bFY9YtFrgkAfinBojQ8YJTOuOuav64tMUJv584SES4xl74PmuaevIyaLESHdTAA==",
      "engines": {
        "node": ">=0.10.0"
      }
    },
    "node_modules/ansy/node_modules/supports-color": {
      "version": "3.2.3",
      "resolved": "https://registry.npmjs.org/supports-color/-/supports-color-3.2.3.tgz",
      "integrity": "sha512-Jds2VIYDrlp5ui7t8abHN2bjAu4LV/q4N2KivFPpGH0lrka0BMq/33AmECUXlKPcHigkNaqfXRENFju+rlcy+A==",
      "dependencies": {
        "has-flag": "^1.0.0"
      },
      "engines": {
        "node": ">=0.8.0"
      }
    },
    "node_modules/asciiart-logo": {
      "version": "0.2.7",
      "resolved": "https://registry.npmjs.org/asciiart-logo/-/asciiart-logo-0.2.7.tgz",
      "integrity": "sha512-E0E5o1MqmKnBmfWmuWnxhKu9jVdntxy6Q/CcUUXNnYooR7k1cahcyLoRhwb6AlpbKQ70jQfjj3swX20jLN5V5Q==",
      "dependencies": {
        "chalk": "^2.4.2",
        "figlet": "^1.2.0",
        "to-title-case": "^1.0.0"
      }
    },
    "node_modules/asynckit": {
      "version": "0.4.0",
      "resolved": "https://registry.npmjs.org/asynckit/-/asynckit-0.4.0.tgz",
      "integrity": "sha512-Oei9OH4tRh0YqU3GxhX79dM/mwVgvbZJaSNaRk+bshkj0S5cfHcgYakreBjrHwatXKbz+IoIdYLxrKim2MjW0Q=="
    },
    "node_modules/axios": {
      "version": "1.2.0",
      "resolved": "https://registry.npmjs.org/axios/-/axios-1.2.0.tgz",
      "integrity": "sha512-zT7wZyNYu3N5Bu0wuZ6QccIf93Qk1eV8LOewxgjOZFd2DenOs98cJ7+Y6703d0wkaXGY6/nZd4EweJaHz9uzQw==",
      "dependencies": {
        "follow-redirects": "^1.15.0",
        "form-data": "^4.0.0",
        "proxy-from-env": "^1.1.0"
      }
    },
    "node_modules/bug-killer": {
      "version": "4.4.4",
      "resolved": "https://registry.npmjs.org/bug-killer/-/bug-killer-4.4.4.tgz",
      "integrity": "sha512-O/iJPwIf0Igra3q91s+jGeYhUSdtFUtBMb1JMwvAZLS0We1mIdEuDM4FCjbxFQAF+R6GqpRVgHVQa0utQQxSEA==",
      "dependencies": {
        "ansi-parser": "^3.2.5",
        "couleurs": "^6.0.6",
        "daty": "^1.0.7",
        "deffy": "^2.2.2",
        "typpy": "^2.3.6"
      }
    },
    "node_modules/chalk": {
      "version": "2.4.2",
      "resolved": "https://registry.npmjs.org/chalk/-/chalk-2.4.2.tgz",
      "integrity": "sha512-Mti+f9lpJNcwF4tWV8/OrTTtF1gZi+f8FqlyAdouralcFWFQWF2+NgCHShjkCb+IFBLq9buZwE1xckQU4peSuQ==",
      "dependencies": {
        "ansi-styles": "^3.2.1",
        "escape-string-regexp": "^1.0.5",
        "supports-color": "^5.3.0"
      },
      "engines": {
        "node": ">=4"
      }
    },
    "node_modules/class-methods": {
      "version": "1.0.12",
      "resolved": "https://registry.npmjs.org/class-methods/-/class-methods-1.0.12.tgz",
      "integrity": "sha512-14T82nNlU+OAhPNm4Fw4kJUS8klgt9n1+CdtB6LHvmWC5Wb89TZQ6CuCwEK2YR03O/hT0eHGIpQxtovAnN9CtA==",
      "dependencies": {
        "exclude-arr": "^1.0.0",
        "static-methods": "^1.0.0",
        "ul": "^5.2.1"
      }
    },
    "node_modules/color-convert": {
      "version": "1.9.3",
      "resolved": "https://registry.npmjs.org/color-convert/-/color-convert-1.9.3.tgz",
      "integrity": "sha512-QfAUtd+vFdAtFQcC8CCyYt1fYWxSqAiK2cSD6zDB8N3cpsEBAvRxp9zOGg6G/SHHJYAT88/az/IuDGALsNVbGg==",
      "dependencies": {
        "color-name": "1.1.3"
      }
    },
    "node_modules/color-name": {
      "version": "1.1.3",
      "resolved": "https://registry.npmjs.org/color-name/-/color-name-1.1.3.tgz",
      "integrity": "sha512-72fSenhMw2HZMTVHeCA9KCmpEIbzWiQsjN+BHcBbS9vr1mtt+vJjPdksIBNUmKAW8TFUDPJK5SUU3QhE9NEXDw=="
    },
    "node_modules/combined-stream": {
      "version": "1.0.8",
      "resolved": "https://registry.npmjs.org/combined-stream/-/combined-stream-1.0.8.tgz",
      "integrity": "sha512-FQN4MRfuJeHf7cBbBMJFXhKSDq+2kAArBlmRBvcvFE5BB1HZKXtSFASDhdlz9zOYwxh8lDdnvmMOe/+5cdoEdg==",
      "dependencies": {
        "delayed-stream": "~1.0.0"
      },
      "engines": {
        "node": ">= 0.8"
      }
    },
    "node_modules/commander": {
      "version": "9.4.1",
      "resolved": "https://registry.npmjs.org/commander/-/commander-9.4.1.tgz",
      "integrity": "sha512-5EEkTNyHNGFPD2H+c/dXXfQZYa/scCKasxWcXJaWnNJ99pnQN9Vnmqow+p+PlFPE63Q6mThaZws1T+HxfpgtPw==",
      "engines": {
        "node": "^12.20.0 || >=14"
      }
    },
    "node_modules/couleurs": {
      "version": "6.0.11",
      "resolved": "https://registry.npmjs.org/couleurs/-/couleurs-6.0.11.tgz",
      "integrity": "sha512-y5WUDtgQKw/tVViZCj3ACX8VseU0ONxiet8SRsE89uH4s/otRLXGOMymfVbKMFzedKOdxQpTcYWukRwkvgRYdw==",
      "dependencies": {
        "ansy": "^1.0.0",
        "color-convert": "^1.0.0",
        "iterate-object": "^1.3.1",
        "typpy": "^2.3.1"
      }
    },
    "node_modules/custom-return": {
      "version": "1.0.12",
      "resolved": "https://registry.npmjs.org/custom-return/-/custom-return-1.0.12.tgz",
      "integrity": "sha512-Xy6IlEV6gW5Iu4YRoQe0A5RG1mzezawcTXzAk7u28oB2UilRfbbOc1C7RmWE6AJ1inSm8gghCkIpo0LUQfLbvw==",
      "dependencies": {
        "noop6": "^1.0.0"
      }
    },
    "node_modules/date-unit-ms": {
      "version": "1.1.14",
      "resolved": "https://registry.npmjs.org/date-unit-ms/-/date-unit-ms-1.1.14.tgz",
      "integrity": "sha512-6vUHdMQkblV8lKYQqnTM2kUmWlFVG6F/0mzUbcnNygcR2vuUPeHAIE7BO7mj/brmgV1INSAG9D2GpgTLOEOHvg=="
    },
    "node_modules/daty": {
      "version": "1.2.1",
      "resolved": "https://registry.npmjs.org/daty/-/daty-1.2.1.tgz",
      "integrity": "sha512-0ScX8eww2sJ1fnJuuLhP6JXonVrIIJZiVlGL6ve+Dnv3vPVFf3ZMDlose5+h/SnR4gQ1nmG3acoBP3Slycr4ag==",
      "dependencies": {
        "add-subtract-date": "^1.0.0",
        "class-methods": "^1.0.4",
        "date-unit-ms": "^1.1.0",
        "diff-dates": "^1.0.0",
        "formatoid": "^1.0.0"
      }
    },
    "node_modules/days": {
      "version": "1.1.1",
      "resolved": "https://registry.npmjs.org/days/-/days-1.1.1.tgz",
      "integrity": "sha512-vzeIwVsEIyA35GH4+mPd4hjVDNI87wYANyZFs0BHjBr5kIBH5zEl7LfD6Wr4SFZca4D3CU9IH1w4DuZLlXzKRw==",
      "engines": {
        "node": ">=0.10.0"
      }
    },
    "node_modules/deffy": {
      "version": "2.2.4",
      "resolved": "https://registry.npmjs.org/deffy/-/deffy-2.2.4.tgz",
      "integrity": "sha512-pLc9lsbsWjr6RxmJ2OLyvm+9l4j1yK69h+TML/gUit/t3vTijpkNGh8LioaJYTGO7F25m6HZndADcUOo2PsiUg==",
      "dependencies": {
        "typpy": "^2.0.0"
      }
    },
    "node_modules/delayed-stream": {
      "version": "1.0.0",
      "resolved": "https://registry.npmjs.org/delayed-stream/-/delayed-stream-1.0.0.tgz",
      "integrity": "sha512-ZySD7Nf91aLB0RxL4KGrKHBXl7Eds1DAmEdcoVawXnLD7SDhpNgtuII2aAkg7a7QS41jxPSZ17p4VdGnMHk3MQ==",
      "engines": {
        "node": ">=0.4.0"
      }
    },
    "node_modules/diff-dates": {
      "version": "1.0.14",
      "resolved": "https://registry.npmjs.org/diff-dates/-/diff-dates-1.0.14.tgz",
      "integrity": "sha512-JbWO1wl9jJZdLPLK/nENeUL68Mv7+SQQrXlEPSxuzZid89+FXpl7xSGxbPGd5z/2Xx3KJe4+fHPpaKnWnZ8V3w==",
      "dependencies": {
        "date-unit-ms": "^1.1.0"
      }
    },
    "node_modules/enquirer": {
      "version": "2.3.6",
      "resolved": "https://registry.npmjs.org/enquirer/-/enquirer-2.3.6.tgz",
      "integrity": "sha512-yjNnPr315/FjS4zIsUxYguYUPP2e1NK4d7E7ZOLiyYCcbFBiTMyID+2wvm2w6+pZ/odMA7cRkjhsPbltwBOrLg==",
      "dependencies": {
        "ansi-colors": "^4.1.1"
      },
      "engines": {
        "node": ">=8.6"
      }
    },
    "node_modules/escape-regexp-component": {
      "version": "1.0.2",
      "resolved": "https://registry.npmjs.org/escape-regexp-component/-/escape-regexp-component-1.0.2.tgz",
      "integrity": "sha512-B0yxafj1D1ZTNEHkFoQxz4iboZSfaZHhaNhIug7GcUCL4ZUrVSJZTmWUAkPOFaYDfi3RNT9XM082TuGE6jpmiQ=="
    },
    "node_modules/escape-string-regexp": {
      "version": "1.0.5",
      "resolved": "https://registry.npmjs.org/escape-string-regexp/-/escape-string-regexp-1.0.5.tgz",
      "integrity": "sha512-vbRorB5FUQWvla16U8R/qgaFIya2qGzwDrNmCZuYKrbdSUMG6I1ZCGQRefkRVhuOkIGVne7BQ35DSfo1qvJqFg==",
      "engines": {
        "node": ">=0.8.0"
      }
    },
    "node_modules/exclude-arr": {
      "version": "1.0.11",
      "resolved": "https://registry.npmjs.org/exclude-arr/-/exclude-arr-1.0.11.tgz",
      "integrity": "sha512-yQVFDXkkpDOhSPGOu2yG4fKmDsBiufj2M5uJRS6ijcLW7/pUvCxAHJ2YQTJUkLJ4nWbl+XZn/qwMzrWYfWFgFg=="
    },
    "node_modules/figlet": {
      "version": "1.5.2",
      "resolved": "https://registry.npmjs.org/figlet/-/figlet-1.5.2.tgz",
      "integrity": "sha512-WOn21V8AhyE1QqVfPIVxe3tupJacq1xGkPTB4iagT6o+P2cAgEOOwIxMftr4+ZCTI6d551ij9j61DFr0nsP2uQ==",
      "engines": {
        "node": ">= 0.4.0"
      }
    },
    "node_modules/fillo": {
      "version": "1.0.13",
      "resolved": "https://registry.npmjs.org/fillo/-/fillo-1.0.13.tgz",
      "integrity": "sha512-9LYJ0ww96DUYETd2Bia5NS1b8rj42nEE5zsfcUwDErMopTs6BRBe4dRIVjrZGXSiK4vNSL/Q3u0dyqbmkA2Zdg=="
    },
    "node_modules/follow-redirects": {
      "version": "1.15.1",
      "resolved": "https://registry.npmjs.org/follow-redirects/-/follow-redirects-1.15.1.tgz",
      "integrity": "sha512-yLAMQs+k0b2m7cVxpS1VKJVvoz7SS9Td1zss3XRwXj+ZDH00RJgnuLx7E44wx02kQLrdM3aOOy+FpzS7+8OizA==",
      "funding": [
        {
          "type": "individual",
          "url": "https://github.com/sponsors/RubenVerborgh"
        }
      ],
      "engines": {
        "node": ">=4.0"
      },
      "peerDependenciesMeta": {
        "debug": {
          "optional": true
        }
      }
    },
    "node_modules/form-data": {
      "version": "4.0.0",
      "resolved": "https://registry.npmjs.org/form-data/-/form-data-4.0.0.tgz",
      "integrity": "sha512-ETEklSGi5t0QMZuiXoA/Q6vcnxcLQP5vdugSpuAyi6SVGi2clPPp+xgEhuMaHC+zGgn31Kd235W35f7Hykkaww==",
      "dependencies": {
        "asynckit": "^0.4.0",
        "combined-stream": "^1.0.8",
        "mime-types": "^2.1.12"
      },
      "engines": {
        "node": ">= 6"
      }
    },
    "node_modules/formatoid": {
      "version": "1.2.4",
      "resolved": "https://registry.npmjs.org/formatoid/-/formatoid-1.2.4.tgz",
      "integrity": "sha512-9wWHOPJvbIheSpiHGl0xaBwdszlzPaeh2KqHVexGQnKpO85xrMoKvuf6M3q0B4uC3I9lkXjH6+8ipQC8PQ/7Gw==",
      "dependencies": {
        "days": "^1.0.1",
        "fillo": "^1.0.0",
        "months": "^1.0.0",
        "parse-it": "^1.0.0"
      }
    },
    "node_modules/fs": {
      "version": "0.0.1-security",
      "resolved": "https://registry.npmjs.org/fs/-/fs-0.0.1-security.tgz",
      "integrity": "sha512-3XY9e1pP0CVEUCdj5BmfIZxRBTSDycnbqhIOGec9QYtmVH2fbLpj86CFWkrNOkt/Fvty4KZG5lTglL9j/gJ87w=="
    },
    "node_modules/function.name": {
      "version": "1.0.13",
      "resolved": "https://registry.npmjs.org/function.name/-/function.name-1.0.13.tgz",
      "integrity": "sha512-mVrqdoy5npWZyoXl4DxCeuVF6delDcQjVS9aPdvLYlBxtMTZDR2B5GVEQEoM1jJyspCqg3C0v4ABkLE7tp9xFA==",
      "dependencies": {
        "noop6": "^1.0.1"
      }
    },
    "node_modules/has-flag": {
      "version": "3.0.0",
      "resolved": "https://registry.npmjs.org/has-flag/-/has-flag-3.0.0.tgz",
      "integrity": "sha512-sKJf1+ceQBr4SMkvQnBDNDtf4TXpVhVGateu0t918bl30FnbE2m4vNLX+VWe/dpjlb+HugGYzW7uQXH98HPEYw==",
      "engines": {
        "node": ">=4"
      }
    },
    "node_modules/iterate-object": {
      "version": "1.3.4",
      "resolved": "https://registry.npmjs.org/iterate-object/-/iterate-object-1.3.4.tgz",
      "integrity": "sha512-4dG1D1x/7g8PwHS9aK6QV5V94+ZvyP4+d19qDv43EzImmrndysIl4prmJ1hWWIGCqrZHyaHBm6BSEWHOLnpoNw=="
    },
    "node_modules/m3u8stream": {
      "version": "0.8.6",
      "resolved": "https://registry.npmjs.org/m3u8stream/-/m3u8stream-0.8.6.tgz",
      "integrity": "sha512-LZj8kIVf9KCphiHmH7sbFQTVe4tOemb202fWwvJwR9W5ENW/1hxJN6ksAWGhQgSBSa3jyWhnjKU1Fw1GaOdbyA==",
      "dependencies": {
        "miniget": "^4.2.2",
        "sax": "^1.2.4"
      },
      "engines": {
        "node": ">=12"
      }
    },
    "node_modules/mime-db": {
      "version": "1.52.0",
      "resolved": "https://registry.npmjs.org/mime-db/-/mime-db-1.52.0.tgz",
      "integrity": "sha512-sPU4uV7dYlvtWJxwwxHD0PuihVNiE7TyAbQ5SWxDCB9mUYvOgroQOwYQQOKPJ8CIbE+1ETVlOoK1UC2nU3gYvg==",
      "engines": {
        "node": ">= 0.6"
      }
    },
    "node_modules/mime-types": {
      "version": "2.1.35",
      "resolved": "https://registry.npmjs.org/mime-types/-/mime-types-2.1.35.tgz",
      "integrity": "sha512-ZDY+bPm5zTTF+YpCrAU9nK0UgICYPT0QtT1NZWFv4s++TNkcgVaT0g6+4R2uI4MjQjzysHB1zxuWL50hzaeXiw==",
      "dependencies": {
        "mime-db": "1.52.0"
      },
      "engines": {
        "node": ">= 0.6"
      }
    },
    "node_modules/miniget": {
      "version": "4.2.2",
      "resolved": "https://registry.npmjs.org/miniget/-/miniget-4.2.2.tgz",
      "integrity": "sha512-a7voNL1N5lDMxvTMExOkg+Fq89jM2vY8pAi9ZEWzZtfNmdfP6RXkvUtFnCAXoCv2T9k1v/fUJVaAEuepGcvLYA==",
      "engines": {
        "node": ">=12"
      }
    },
    "node_modules/months": {
      "version": "1.2.0",
      "resolved": "https://registry.npmjs.org/months/-/months-1.2.0.tgz",
      "integrity": "sha512-zFM7hUpziSYGk2DNObYGWgHdRRxAOgjl8CC1Rbl50p/q0rGDsREfk0nbxxmSIquVi/lEAuUY8nwbwkZ8biNCOQ==",
      "engines": {
        "node": ">=0.10.0"
      }
    },
    "node_modules/noop6": {
      "version": "1.0.9",
      "resolved": "https://registry.npmjs.org/noop6/-/noop6-1.0.9.tgz",
      "integrity": "sha512-DB3Hwyd89dPr5HqEPg3YHjzvwh/mCqizC1zZ8vyofqc+TQRyPDnT4wgXXbLGF4z9YAzwwTLi8pNLhGqcbSjgkA=="
    },
    "node_modules/parse-it": {
      "version": "1.0.10",
      "resolved": "https://registry.npmjs.org/parse-it/-/parse-it-1.0.10.tgz",
      "integrity": "sha512-VAG4EuoNd2TT2wSRUuKyLEkZR3MhdWc+3UPp5CDQzqSt/FiniG+yJ5RXyJYiuzVAMEKL4d97gx6O3LR5jEB3uQ==",
      "dependencies": {
        "regex-escape": "^3.4.0"
      }
    },
    "node_modules/proxy-from-env": {
      "version": "1.1.0",
      "resolved": "https://registry.npmjs.org/proxy-from-env/-/proxy-from-env-1.1.0.tgz",
      "integrity": "sha512-D+zkORCbA9f1tdWRK0RaCR3GPv50cMxcrz4X8k5LTSUD1Dkw47mKJEZQNunItRTkWwgtaUSo1RVFRIG9ZXiFYg=="
    },
    "node_modules/regex-escape": {
      "version": "3.4.10",
      "resolved": "https://registry.npmjs.org/regex-escape/-/regex-escape-3.4.10.tgz",
      "integrity": "sha512-qEqf7uzW+iYcKNLMDFnMkghhQBnGdivT6KqVQyKsyjSWnoFyooXVnxrw9dtv3AFLnD6VBGXxtZGAQNFGFTnCqA=="
    },
    "node_modules/sax": {
      "version": "1.2.4",
      "resolved": "https://registry.npmjs.org/sax/-/sax-1.2.4.tgz",
      "integrity": "sha512-NqVDv9TpANUjFm0N8uM5GxL36UgKi9/atZw+x7YFnQ8ckwFGKrl4xX4yWtrey3UJm5nP1kUbnYgLopqWNSRhWw=="
    },
    "node_modules/static-methods": {
      "version": "1.0.12",
      "resolved": "https://registry.npmjs.org/static-methods/-/static-methods-1.0.12.tgz",
      "integrity": "sha512-QreySTr3LHtHk0OhrZ3RKvrV/4nBRyUPPCycmTUQTENIopEaDalZzI+q+KfmNmcxeHhA3WKe3h25lAxXZEDGVw=="
    },
    "node_modules/supports-color": {
      "version": "5.5.0",
      "resolved": "https://registry.npmjs.org/supports-color/-/supports-color-5.5.0.tgz",
      "integrity": "sha512-QjVjwdXIt408MIiAqCX4oUKsgU2EqAGzs2Ppkm4aQYbjm+ZEWEcW4SfFNTr4uMNZma0ey4f5lgLrkB0aX0QMow==",
      "dependencies": {
        "has-flag": "^3.0.0"
      },
      "engines": {
        "node": ">=4"
      }
    },
    "node_modules/timer-node": {
      "version": "5.0.6",
      "resolved": "https://registry.npmjs.org/timer-node/-/timer-node-5.0.6.tgz",
      "integrity": "sha512-s07CY6r6so7NH6ErSLkA5NsaQ8DoNQpwW7kqvFvnAnV8nv99qpN5DYdaUh9GTM8z83LrBVx2s6El9sJHbaQ4PA=="
    },
    "node_modules/title-case-minors": {
      "version": "1.0.0",
      "resolved": "https://registry.npmjs.org/title-case-minors/-/title-case-minors-1.0.0.tgz",
      "integrity": "sha512-GFT+1ZjqJgq5AywOXjl9VelGgqMpOtfwdxYaYy3eUE1gbyxneeSnADLoov7TxXelqftIhlblsnHVqw5hNFUbGQ=="
    },
    "node_modules/to-capital-case": {
      "version": "1.0.0",
      "resolved": "https://registry.npmjs.org/to-capital-case/-/to-capital-case-1.0.0.tgz",
      "integrity": "sha512-mfERGNFweI+x+OctN7rlbZQqDC68BjXEt9gOrf8qy26IyqQyUTqfdKQBN3XhqN0fP9Pl4zaoXKGeWv+wSPXIyQ==",
      "dependencies": {
        "to-space-case": "^1.0.0"
      }
    },
    "node_modules/to-no-case": {
      "version": "1.0.2",
      "resolved": "https://registry.npmjs.org/to-no-case/-/to-no-case-1.0.2.tgz",
      "integrity": "sha512-Z3g735FxuZY8rodxV4gH7LxClE4H0hTIyHNIHdk+vpQxjLm0cwnKXq/OFVZ76SOQmto7txVcwSCwkU5kqp+FKg=="
    },
    "node_modules/to-sentence-case": {
      "version": "1.0.0",
      "resolved": "https://registry.npmjs.org/to-sentence-case/-/to-sentence-case-1.0.0.tgz",
      "integrity": "sha512-egaI3iiTSS5FpN8ZiN08Kqx8EQDTK4yqnp5m2WqR5qGSMLi605gYn887drlyZFn+lLMQAOC7tABafk/oQIoqGQ==",
      "dependencies": {
        "to-no-case": "^1.0.0"
      }
    },
    "node_modules/to-space-case": {
      "version": "1.0.0",
      "resolved": "https://registry.npmjs.org/to-space-case/-/to-space-case-1.0.0.tgz",
      "integrity": "sha512-rLdvwXZ39VOn1IxGL3V6ZstoTbwLRckQmn/U8ZDLuWwIXNpuZDhQ3AiRUlhTbOXFVE9C+dR51wM0CBDhk31VcA==",
      "dependencies": {
        "to-no-case": "^1.0.0"
      }
    },
    "node_modules/to-title-case": {
      "version": "1.0.0",
      "resolved": "https://registry.npmjs.org/to-title-case/-/to-title-case-1.0.0.tgz",
      "integrity": "sha512-zy39Lh3pLnDIvS7PEoPNIo7Jbm7IK4NCruhQDEsHmVmvqn4v+WlwgQZtHESbYxnwhU0YCdTJJ4IQshR2XWYVFw==",
      "dependencies": {
        "escape-regexp-component": "^1.0.2",
        "title-case-minors": "^1.0.0",
        "to-capital-case": "^1.0.0",
        "to-sentence-case": "^1.0.0"
      }
    },
    "node_modules/twitch-m3u8": {
      "version": "1.1.5",
      "resolved": "https://registry.npmjs.org/twitch-m3u8/-/twitch-m3u8-1.1.5.tgz",
      "integrity": "sha512-o037ePS9fwfuOmBe/ftji/e3cqzWq50AUvuIHJZ5E0pV73UMjn3BAm00aZUYVrt3Ns6k08HvhVjAIya/WYcGRg=="
    },
    "node_modules/typpy": {
      "version": "2.3.13",
      "resolved": "https://registry.npmjs.org/typpy/-/typpy-2.3.13.tgz",
      "integrity": "sha512-vOxIcQz9sxHi+rT09SJ5aDgVgrPppQjwnnayTrMye1ODaU8gIZTDM19t9TxmEElbMihx2Nq/0/b/MtyKfayRqA==",
      "dependencies": {
        "function.name": "^1.0.3"
      }
    },
    "node_modules/ul": {
      "version": "5.2.15",
      "resolved": "https://registry.npmjs.org/ul/-/ul-5.2.15.tgz",
      "integrity": "sha512-svLEUy8xSCip5IWnsRa0UOg+2zP0Wsj4qlbjTmX6GJSmvKMHADBuHOm1dpNkWqWPIGuVSqzUkV3Cris5JrlTRQ==",
      "dependencies": {
        "deffy": "^2.2.2",
        "typpy": "^2.3.4"
      }
    }
  },
  "dependencies": {
    "add-subtract-date": {
      "version": "1.0.15",
      "resolved": "https://registry.npmjs.org/add-subtract-date/-/add-subtract-date-1.0.15.tgz",
      "integrity": "sha512-MiL4wnMyM999meyCrSA3LME9uZ/b5ptSd0ACDVUoTfutFwvkMyIN7nG7gjrU56WEk5RlFLBghabcgdYwY8s+nQ=="
    },
    "ansi-colors": {
      "version": "4.1.3",
      "resolved": "https://registry.npmjs.org/ansi-colors/-/ansi-colors-4.1.3.tgz",
      "integrity": "sha512-/6w/C21Pm1A7aZitlI5Ni/2J6FFQN8i1Cvz3kHABAAbw93v/NlvKdVOqz7CCWz/3iv/JplRSEEZ83XION15ovw=="
    },
    "ansi-parser": {
      "version": "3.2.10",
      "resolved": "https://registry.npmjs.org/ansi-parser/-/ansi-parser-3.2.10.tgz",
      "integrity": "sha512-CGKGIbd678lm15IXJXI1cTyOVAnMQw0jES+klW/yIc+GzYccsYanLMhczPIIj2hE64B79g75QfiuWrEWd6nJdg=="
    },
    "ansi-styles": {
      "version": "3.2.1",
      "resolved": "https://registry.npmjs.org/ansi-styles/-/ansi-styles-3.2.1.tgz",
      "integrity": "sha512-VT0ZI6kZRdTh8YyJw3SMbYm/u+NqfsAxEpWO0Pf9sq8/e94WxxOpPKx9FR1FlyCtOVDNOQ+8ntlqFxiRc+r5qA==",
      "requires": {
        "color-convert": "^1.9.0"
      }
    },
    "ansy": {
      "version": "1.0.15",
      "resolved": "https://registry.npmjs.org/ansy/-/ansy-1.0.15.tgz",
      "integrity": "sha512-mQyNSn58HN7aEthofkap0hn8jg7/5SJWrB0ypExgcECOwLppc0njH+QBA9X5VMiEN9SM0JlFZWJQGycxxInAqg==",
      "requires": {
        "ansi-styles": "^3.0.0",
        "custom-return": "^1.0.0",
        "supports-color": "^3.1.2",
        "ul": "^5.2.1"
      },
      "dependencies": {
        "has-flag": {
          "version": "1.0.0",
          "resolved": "https://registry.npmjs.org/has-flag/-/has-flag-1.0.0.tgz",
          "integrity": "sha512-DyYHfIYwAJmjAjSSPKANxI8bFY9YtFrgkAfinBojQ8YJTOuOuav64tMUJv584SES4xl74PmuaevIyaLESHdTAA=="
        },
        "supports-color": {
          "version": "3.2.3",
          "resolved": "https://registry.npmjs.org/supports-color/-/supports-color-3.2.3.tgz",
          "integrity": "sha512-Jds2VIYDrlp5ui7t8abHN2bjAu4LV/q4N2KivFPpGH0lrka0BMq/33AmECUXlKPcHigkNaqfXRENFju+rlcy+A==",
          "requires": {
            "has-flag": "^1.0.0"
          }
        }
      }
    },
    "asciiart-logo": {
      "version": "0.2.7",
      "resolved": "https://registry.npmjs.org/asciiart-logo/-/asciiart-logo-0.2.7.tgz",
      "integrity": "sha512-E0E5o1MqmKnBmfWmuWnxhKu9jVdntxy6Q/CcUUXNnYooR7k1cahcyLoRhwb6AlpbKQ70jQfjj3swX20jLN5V5Q==",
      "requires": {
        "chalk": "^2.4.2",
        "figlet": "^1.2.0",
        "to-title-case": "^1.0.0"
      }
    },
    "asynckit": {
      "version": "0.4.0",
      "resolved": "https://registry.npmjs.org/asynckit/-/asynckit-0.4.0.tgz",
      "integrity": "sha512-Oei9OH4tRh0YqU3GxhX79dM/mwVgvbZJaSNaRk+bshkj0S5cfHcgYakreBjrHwatXKbz+IoIdYLxrKim2MjW0Q=="
    },
    "axios": {
      "version": "1.2.0",
      "resolved": "https://registry.npmjs.org/axios/-/axios-1.2.0.tgz",
      "integrity": "sha512-zT7wZyNYu3N5Bu0wuZ6QccIf93Qk1eV8LOewxgjOZFd2DenOs98cJ7+Y6703d0wkaXGY6/nZd4EweJaHz9uzQw==",
      "requires": {
        "follow-redirects": "^1.15.0",
        "form-data": "^4.0.0",
        "proxy-from-env": "^1.1.0"
      }
    },
    "bug-killer": {
      "version": "4.4.4",
      "resolved": "https://registry.npmjs.org/bug-killer/-/bug-killer-4.4.4.tgz",
      "integrity": "sha512-O/iJPwIf0Igra3q91s+jGeYhUSdtFUtBMb1JMwvAZLS0We1mIdEuDM4FCjbxFQAF+R6GqpRVgHVQa0utQQxSEA==",
      "requires": {
        "ansi-parser": "^3.2.5",
        "couleurs": "^6.0.6",
        "daty": "^1.0.7",
        "deffy": "^2.2.2",
        "typpy": "^2.3.6"
      }
    },
    "chalk": {
      "version": "2.4.2",
      "resolved": "https://registry.npmjs.org/chalk/-/chalk-2.4.2.tgz",
      "integrity": "sha512-Mti+f9lpJNcwF4tWV8/OrTTtF1gZi+f8FqlyAdouralcFWFQWF2+NgCHShjkCb+IFBLq9buZwE1xckQU4peSuQ==",
      "requires": {
        "ansi-styles": "^3.2.1",
        "escape-string-regexp": "^1.0.5",
        "supports-color": "^5.3.0"
      }
    },
    "class-methods": {
      "version": "1.0.12",
      "resolved": "https://registry.npmjs.org/class-methods/-/class-methods-1.0.12.tgz",
      "integrity": "sha512-14T82nNlU+OAhPNm4Fw4kJUS8klgt9n1+CdtB6LHvmWC5Wb89TZQ6CuCwEK2YR03O/hT0eHGIpQxtovAnN9CtA==",
      "requires": {
        "exclude-arr": "^1.0.0",
        "static-methods": "^1.0.0",
        "ul": "^5.2.1"
      }
    },
    "color-convert": {
      "version": "1.9.3",
      "resolved": "https://registry.npmjs.org/color-convert/-/color-convert-1.9.3.tgz",
      "integrity": "sha512-QfAUtd+vFdAtFQcC8CCyYt1fYWxSqAiK2cSD6zDB8N3cpsEBAvRxp9zOGg6G/SHHJYAT88/az/IuDGALsNVbGg==",
      "requires": {
        "color-name": "1.1.3"
      }
    },
    "color-name": {
      "version": "1.1.3",
      "resolved": "https://registry.npmjs.org/color-name/-/color-name-1.1.3.tgz",
      "integrity": "sha512-72fSenhMw2HZMTVHeCA9KCmpEIbzWiQsjN+BHcBbS9vr1mtt+vJjPdksIBNUmKAW8TFUDPJK5SUU3QhE9NEXDw=="
    },
    "combined-stream": {
      "version": "1.0.8",
      "resolved": "https://registry.npmjs.org/combined-stream/-/combined-stream-1.0.8.tgz",
      "integrity": "sha512-FQN4MRfuJeHf7cBbBMJFXhKSDq+2kAArBlmRBvcvFE5BB1HZKXtSFASDhdlz9zOYwxh8lDdnvmMOe/+5cdoEdg==",
      "requires": {
        "delayed-stream": "~1.0.0"
      }
    },
    "commander": {
      "version": "9.4.1",
      "resolved": "https://registry.npmjs.org/commander/-/commander-9.4.1.tgz",
      "integrity": "sha512-5EEkTNyHNGFPD2H+c/dXXfQZYa/scCKasxWcXJaWnNJ99pnQN9Vnmqow+p+PlFPE63Q6mThaZws1T+HxfpgtPw=="
    },
    "couleurs": {
      "version": "6.0.11",
      "resolved": "https://registry.npmjs.org/couleurs/-/couleurs-6.0.11.tgz",
      "integrity": "sha512-y5WUDtgQKw/tVViZCj3ACX8VseU0ONxiet8SRsE89uH4s/otRLXGOMymfVbKMFzedKOdxQpTcYWukRwkvgRYdw==",
      "requires": {
        "ansy": "^1.0.0",
        "color-convert": "^1.0.0",
        "iterate-object": "^1.3.1",
        "typpy": "^2.3.1"
      }
    },
    "custom-return": {
      "version": "1.0.12",
      "resolved": "https://registry.npmjs.org/custom-return/-/custom-return-1.0.12.tgz",
      "integrity": "sha512-Xy6IlEV6gW5Iu4YRoQe0A5RG1mzezawcTXzAk7u28oB2UilRfbbOc1C7RmWE6AJ1inSm8gghCkIpo0LUQfLbvw==",
      "requires": {
        "noop6": "^1.0.0"
      }
    },
    "date-unit-ms": {
      "version": "1.1.14",
      "resolved": "https://registry.npmjs.org/date-unit-ms/-/date-unit-ms-1.1.14.tgz",
      "integrity": "sha512-6vUHdMQkblV8lKYQqnTM2kUmWlFVG6F/0mzUbcnNygcR2vuUPeHAIE7BO7mj/brmgV1INSAG9D2GpgTLOEOHvg=="
    },
    "daty": {
      "version": "1.2.1",
      "resolved": "https://registry.npmjs.org/daty/-/daty-1.2.1.tgz",
      "integrity": "sha512-0ScX8eww2sJ1fnJuuLhP6JXonVrIIJZiVlGL6ve+Dnv3vPVFf3ZMDlose5+h/SnR4gQ1nmG3acoBP3Slycr4ag==",
      "requires": {
        "add-subtract-date": "^1.0.0",
        "class-methods": "^1.0.4",
        "date-unit-ms": "^1.1.0",
        "diff-dates": "^1.0.0",
        "formatoid": "^1.0.0"
      }
    },
    "days": {
      "version": "1.1.1",
      "resolved": "https://registry.npmjs.org/days/-/days-1.1.1.tgz",
      "integrity": "sha512-vzeIwVsEIyA35GH4+mPd4hjVDNI87wYANyZFs0BHjBr5kIBH5zEl7LfD6Wr4SFZca4D3CU9IH1w4DuZLlXzKRw=="
    },
    "deffy": {
      "version": "2.2.4",
      "resolved": "https://registry.npmjs.org/deffy/-/deffy-2.2.4.tgz",
      "integrity": "sha512-pLc9lsbsWjr6RxmJ2OLyvm+9l4j1yK69h+TML/gUit/t3vTijpkNGh8LioaJYTGO7F25m6HZndADcUOo2PsiUg==",
      "requires": {
        "typpy": "^2.0.0"
      }
    },
    "delayed-stream": {
      "version": "1.0.0",
      "resolved": "https://registry.npmjs.org/delayed-stream/-/delayed-stream-1.0.0.tgz",
      "integrity": "sha512-ZySD7Nf91aLB0RxL4KGrKHBXl7Eds1DAmEdcoVawXnLD7SDhpNgtuII2aAkg7a7QS41jxPSZ17p4VdGnMHk3MQ=="
    },
    "diff-dates": {
      "version": "1.0.14",
      "resolved": "https://registry.npmjs.org/diff-dates/-/diff-dates-1.0.14.tgz",
      "integrity": "sha512-JbWO1wl9jJZdLPLK/nENeUL68Mv7+SQQrXlEPSxuzZid89+FXpl7xSGxbPGd5z/2Xx3KJe4+fHPpaKnWnZ8V3w==",
      "requires": {
        "date-unit-ms": "^1.1.0"
      }
    },
    "enquirer": {
      "version": "2.3.6",
      "resolved": "https://registry.npmjs.org/enquirer/-/enquirer-2.3.6.tgz",
      "integrity": "sha512-yjNnPr315/FjS4zIsUxYguYUPP2e1NK4d7E7ZOLiyYCcbFBiTMyID+2wvm2w6+pZ/odMA7cRkjhsPbltwBOrLg==",
      "requires": {
        "ansi-colors": "^4.1.1"
      }
    },
    "escape-regexp-component": {
      "version": "1.0.2",
      "resolved": "https://registry.npmjs.org/escape-regexp-component/-/escape-regexp-component-1.0.2.tgz",
      "integrity": "sha512-B0yxafj1D1ZTNEHkFoQxz4iboZSfaZHhaNhIug7GcUCL4ZUrVSJZTmWUAkPOFaYDfi3RNT9XM082TuGE6jpmiQ=="
    },
    "escape-string-regexp": {
      "version": "1.0.5",
      "resolved": "https://registry.npmjs.org/escape-string-regexp/-/escape-string-regexp-1.0.5.tgz",
      "integrity": "sha512-vbRorB5FUQWvla16U8R/qgaFIya2qGzwDrNmCZuYKrbdSUMG6I1ZCGQRefkRVhuOkIGVne7BQ35DSfo1qvJqFg=="
    },
    "exclude-arr": {
      "version": "1.0.11",
      "resolved": "https://registry.npmjs.org/exclude-arr/-/exclude-arr-1.0.11.tgz",
      "integrity": "sha512-yQVFDXkkpDOhSPGOu2yG4fKmDsBiufj2M5uJRS6ijcLW7/pUvCxAHJ2YQTJUkLJ4nWbl+XZn/qwMzrWYfWFgFg=="
    },
    "figlet": {
      "version": "1.5.2",
      "resolved": "https://registry.npmjs.org/figlet/-/figlet-1.5.2.tgz",
      "integrity": "sha512-WOn21V8AhyE1QqVfPIVxe3tupJacq1xGkPTB4iagT6o+P2cAgEOOwIxMftr4+ZCTI6d551ij9j61DFr0nsP2uQ=="
    },
    "fillo": {
      "version": "1.0.13",
      "resolved": "https://registry.npmjs.org/fillo/-/fillo-1.0.13.tgz",
      "integrity": "sha512-9LYJ0ww96DUYETd2Bia5NS1b8rj42nEE5zsfcUwDErMopTs6BRBe4dRIVjrZGXSiK4vNSL/Q3u0dyqbmkA2Zdg=="
    },
    "follow-redirects": {
      "version": "1.15.1",
      "resolved": "https://registry.npmjs.org/follow-redirects/-/follow-redirects-1.15.1.tgz",
      "integrity": "sha512-yLAMQs+k0b2m7cVxpS1VKJVvoz7SS9Td1zss3XRwXj+ZDH00RJgnuLx7E44wx02kQLrdM3aOOy+FpzS7+8OizA=="
    },
    "form-data": {
      "version": "4.0.0",
      "resolved": "https://registry.npmjs.org/form-data/-/form-data-4.0.0.tgz",
      "integrity": "sha512-ETEklSGi5t0QMZuiXoA/Q6vcnxcLQP5vdugSpuAyi6SVGi2clPPp+xgEhuMaHC+zGgn31Kd235W35f7Hykkaww==",
      "requires": {
        "asynckit": "^0.4.0",
        "combined-stream": "^1.0.8",
        "mime-types": "^2.1.12"
      }
    },
    "formatoid": {
      "version": "1.2.4",
      "resolved": "https://registry.npmjs.org/formatoid/-/formatoid-1.2.4.tgz",
      "integrity": "sha512-9wWHOPJvbIheSpiHGl0xaBwdszlzPaeh2KqHVexGQnKpO85xrMoKvuf6M3q0B4uC3I9lkXjH6+8ipQC8PQ/7Gw==",
      "requires": {
        "days": "^1.0.1",
        "fillo": "^1.0.0",
        "months": "^1.0.0",
        "parse-it": "^1.0.0"
      }
    },
    "fs": {
      "version": "0.0.1-security",
      "resolved": "https://registry.npmjs.org/fs/-/fs-0.0.1-security.tgz",
      "integrity": "sha512-3XY9e1pP0CVEUCdj5BmfIZxRBTSDycnbqhIOGec9QYtmVH2fbLpj86CFWkrNOkt/Fvty4KZG5lTglL9j/gJ87w=="
    },
    "function.name": {
      "version": "1.0.13",
      "resolved": "https://registry.npmjs.org/function.name/-/function.name-1.0.13.tgz",
      "integrity": "sha512-mVrqdoy5npWZyoXl4DxCeuVF6delDcQjVS9aPdvLYlBxtMTZDR2B5GVEQEoM1jJyspCqg3C0v4ABkLE7tp9xFA==",
      "requires": {
        "noop6": "^1.0.1"
      }
    },
    "has-flag": {
      "version": "3.0.0",
      "resolved": "https://registry.npmjs.org/has-flag/-/has-flag-3.0.0.tgz",
      "integrity": "sha512-sKJf1+ceQBr4SMkvQnBDNDtf4TXpVhVGateu0t918bl30FnbE2m4vNLX+VWe/dpjlb+HugGYzW7uQXH98HPEYw=="
    },
    "iterate-object": {
      "version": "1.3.4",
      "resolved": "https://registry.npmjs.org/iterate-object/-/iterate-object-1.3.4.tgz",
      "integrity": "sha512-4dG1D1x/7g8PwHS9aK6QV5V94+ZvyP4+d19qDv43EzImmrndysIl4prmJ1hWWIGCqrZHyaHBm6BSEWHOLnpoNw=="
    },
    "m3u8stream": {
      "version": "0.8.6",
      "resolved": "https://registry.npmjs.org/m3u8stream/-/m3u8stream-0.8.6.tgz",
      "integrity": "sha512-LZj8kIVf9KCphiHmH7sbFQTVe4tOemb202fWwvJwR9W5ENW/1hxJN6ksAWGhQgSBSa3jyWhnjKU1Fw1GaOdbyA==",
      "requires": {
        "miniget": "^4.2.2",
        "sax": "^1.2.4"
      }
    },
    "mime-db": {
      "version": "1.52.0",
      "resolved": "https://registry.npmjs.org/mime-db/-/mime-db-1.52.0.tgz",
      "integrity": "sha512-sPU4uV7dYlvtWJxwwxHD0PuihVNiE7TyAbQ5SWxDCB9mUYvOgroQOwYQQOKPJ8CIbE+1ETVlOoK1UC2nU3gYvg=="
    },
    "mime-types": {
      "version": "2.1.35",
      "resolved": "https://registry.npmjs.org/mime-types/-/mime-types-2.1.35.tgz",
      "integrity": "sha512-ZDY+bPm5zTTF+YpCrAU9nK0UgICYPT0QtT1NZWFv4s++TNkcgVaT0g6+4R2uI4MjQjzysHB1zxuWL50hzaeXiw==",
      "requires": {
        "mime-db": "1.52.0"
      }
    },
    "miniget": {
      "version": "4.2.2",
      "resolved": "https://registry.npmjs.org/miniget/-/miniget-4.2.2.tgz",
      "integrity": "sha512-a7voNL1N5lDMxvTMExOkg+Fq89jM2vY8pAi9ZEWzZtfNmdfP6RXkvUtFnCAXoCv2T9k1v/fUJVaAEuepGcvLYA=="
    },
    "months": {
      "version": "1.2.0",
      "resolved": "https://registry.npmjs.org/months/-/months-1.2.0.tgz",
      "integrity": "sha512-zFM7hUpziSYGk2DNObYGWgHdRRxAOgjl8CC1Rbl50p/q0rGDsREfk0nbxxmSIquVi/lEAuUY8nwbwkZ8biNCOQ=="
    },
    "noop6": {
      "version": "1.0.9",
      "resolved": "https://registry.npmjs.org/noop6/-/noop6-1.0.9.tgz",
      "integrity": "sha512-DB3Hwyd89dPr5HqEPg3YHjzvwh/mCqizC1zZ8vyofqc+TQRyPDnT4wgXXbLGF4z9YAzwwTLi8pNLhGqcbSjgkA=="
    },
    "parse-it": {
      "version": "1.0.10",
      "resolved": "https://registry.npmjs.org/parse-it/-/parse-it-1.0.10.tgz",
      "integrity": "sha512-VAG4EuoNd2TT2wSRUuKyLEkZR3MhdWc+3UPp5CDQzqSt/FiniG+yJ5RXyJYiuzVAMEKL4d97gx6O3LR5jEB3uQ==",
      "requires": {
        "regex-escape": "^3.4.0"
      }
    },
    "proxy-from-env": {
      "version": "1.1.0",
      "resolved": "https://registry.npmjs.org/proxy-from-env/-/proxy-from-env-1.1.0.tgz",
      "integrity": "sha512-D+zkORCbA9f1tdWRK0RaCR3GPv50cMxcrz4X8k5LTSUD1Dkw47mKJEZQNunItRTkWwgtaUSo1RVFRIG9ZXiFYg=="
    },
    "regex-escape": {
      "version": "3.4.10",
      "resolved": "https://registry.npmjs.org/regex-escape/-/regex-escape-3.4.10.tgz",
      "integrity": "sha512-qEqf7uzW+iYcKNLMDFnMkghhQBnGdivT6KqVQyKsyjSWnoFyooXVnxrw9dtv3AFLnD6VBGXxtZGAQNFGFTnCqA=="
    },
    "sax": {
      "version": "1.2.4",
      "resolved": "https://registry.npmjs.org/sax/-/sax-1.2.4.tgz",
      "integrity": "sha512-NqVDv9TpANUjFm0N8uM5GxL36UgKi9/atZw+x7YFnQ8ckwFGKrl4xX4yWtrey3UJm5nP1kUbnYgLopqWNSRhWw=="
    },
    "static-methods": {
      "version": "1.0.12",
      "resolved": "https://registry.npmjs.org/static-methods/-/static-methods-1.0.12.tgz",
      "integrity": "sha512-QreySTr3LHtHk0OhrZ3RKvrV/4nBRyUPPCycmTUQTENIopEaDalZzI+q+KfmNmcxeHhA3WKe3h25lAxXZEDGVw=="
    },
    "supports-color": {
      "version": "5.5.0",
      "resolved": "https://registry.npmjs.org/supports-color/-/supports-color-5.5.0.tgz",
      "integrity": "sha512-QjVjwdXIt408MIiAqCX4oUKsgU2EqAGzs2Ppkm4aQYbjm+ZEWEcW4SfFNTr4uMNZma0ey4f5lgLrkB0aX0QMow==",
      "requires": {
        "has-flag": "^3.0.0"
      }
    },
    "timer-node": {
      "version": "5.0.6",
      "resolved": "https://registry.npmjs.org/timer-node/-/timer-node-5.0.6.tgz",
      "integrity": "sha512-s07CY6r6so7NH6ErSLkA5NsaQ8DoNQpwW7kqvFvnAnV8nv99qpN5DYdaUh9GTM8z83LrBVx2s6El9sJHbaQ4PA=="
    },
    "title-case-minors": {
      "version": "1.0.0",
      "resolved": "https://registry.npmjs.org/title-case-minors/-/title-case-minors-1.0.0.tgz",
      "integrity": "sha512-GFT+1ZjqJgq5AywOXjl9VelGgqMpOtfwdxYaYy3eUE1gbyxneeSnADLoov7TxXelqftIhlblsnHVqw5hNFUbGQ=="
    },
    "to-capital-case": {
      "version": "1.0.0",
      "resolved": "https://registry.npmjs.org/to-capital-case/-/to-capital-case-1.0.0.tgz",
      "integrity": "sha512-mfERGNFweI+x+OctN7rlbZQqDC68BjXEt9gOrf8qy26IyqQyUTqfdKQBN3XhqN0fP9Pl4zaoXKGeWv+wSPXIyQ==",
      "requires": {
        "to-space-case": "^1.0.0"
      }
    },
    "to-no-case": {
      "version": "1.0.2",
      "resolved": "https://registry.npmjs.org/to-no-case/-/to-no-case-1.0.2.tgz",
      "integrity": "sha512-Z3g735FxuZY8rodxV4gH7LxClE4H0hTIyHNIHdk+vpQxjLm0cwnKXq/OFVZ76SOQmto7txVcwSCwkU5kqp+FKg=="
    },
    "to-sentence-case": {
      "version": "1.0.0",
      "resolved": "https://registry.npmjs.org/to-sentence-case/-/to-sentence-case-1.0.0.tgz",
      "integrity": "sha512-egaI3iiTSS5FpN8ZiN08Kqx8EQDTK4yqnp5m2WqR5qGSMLi605gYn887drlyZFn+lLMQAOC7tABafk/oQIoqGQ==",
      "requires": {
        "to-no-case": "^1.0.0"
      }
    },
    "to-space-case": {
      "version": "1.0.0",
      "resolved": "https://registry.npmjs.org/to-space-case/-/to-space-case-1.0.0.tgz",
      "integrity": "sha512-rLdvwXZ39VOn1IxGL3V6ZstoTbwLRckQmn/U8ZDLuWwIXNpuZDhQ3AiRUlhTbOXFVE9C+dR51wM0CBDhk31VcA==",
      "requires": {
        "to-no-case": "^1.0.0"
      }
    },
    "to-title-case": {
      "version": "1.0.0",
      "resolved": "https://registry.npmjs.org/to-title-case/-/to-title-case-1.0.0.tgz",
      "integrity": "sha512-zy39Lh3pLnDIvS7PEoPNIo7Jbm7IK4NCruhQDEsHmVmvqn4v+WlwgQZtHESbYxnwhU0YCdTJJ4IQshR2XWYVFw==",
      "requires": {
        "escape-regexp-component": "^1.0.2",
        "title-case-minors": "^1.0.0",
        "to-capital-case": "^1.0.0",
        "to-sentence-case": "^1.0.0"
      }
    },
    "twitch-m3u8": {
      "version": "1.1.5",
      "resolved": "https://registry.npmjs.org/twitch-m3u8/-/twitch-m3u8-1.1.5.tgz",
      "integrity": "sha512-o037ePS9fwfuOmBe/ftji/e3cqzWq50AUvuIHJZ5E0pV73UMjn3BAm00aZUYVrt3Ns6k08HvhVjAIya/WYcGRg=="
    },
    "typpy": {
      "version": "2.3.13",
      "resolved": "https://registry.npmjs.org/typpy/-/typpy-2.3.13.tgz",
      "integrity": "sha512-vOxIcQz9sxHi+rT09SJ5aDgVgrPppQjwnnayTrMye1ODaU8gIZTDM19t9TxmEElbMihx2Nq/0/b/MtyKfayRqA==",
      "requires": {
        "function.name": "^1.0.3"
      }
    },
    "ul": {
      "version": "5.2.15",
      "resolved": "https://registry.npmjs.org/ul/-/ul-5.2.15.tgz",
      "integrity": "sha512-svLEUy8xSCip5IWnsRa0UOg+2zP0Wsj4qlbjTmX6GJSmvKMHADBuHOm1dpNkWqWPIGuVSqzUkV3Cris5JrlTRQ==",
      "requires": {
        "deffy": "^2.2.2",
        "typpy": "^2.3.4"
      }
    }
  }
}
